
Microsoft Visual Studio Solution File, Format Version 12.00
# Visual Studio Version 17
VisualStudioVersion = 17.4.33110.190
MinimumVisualStudioVersion = 10.0.40219.1
Project("{FAE04EC0-301F-11D3-BF4B-00C04F79EFBC}") = "Ksiegarnia", "Ksiegarnia\Ksiegarnia.csproj", "{ADA5B8B4-5B77-4227-806B-1FB41F68D0EC}"
EndProject
Global
	GlobalSection(SolutionConfigurationPlatforms) = preSolution
		Debug|Any CPU = Debug|Any CPU
		Release|Any CPU = Release|Any CPU
	EndGlobalSection
	GlobalSection(ProjectConfigurationPlatforms) = postSolution
		{ADA5B8B4-5B77-4227-806B-1FB41F68D0EC}.Debug|Any CPU.ActiveCfg = Debug|Any CPU
		{ADA5B8B4-5B77-4227-806B-1FB41F68D0EC}.Debug|Any CPU.Build.0 = Debug|Any CPU
		{ADA5B8B4-5B77-4227-806B-1FB41F68D0EC}.Release|Any CPU.ActiveCfg = Release|Any CPU
		{ADA5B8B4-5B77-4227-806B-1FB41F68D0EC}.Release|Any CPU.Build.0 = Release|Any CPU
	EndGlobalSection
	GlobalSection(SolutionProperties) = preSolution
		HideSolutionNode = FALSE
	EndGlobalSection
	GlobalSection(ExtensibilityGlobals) = postSolution
		SolutionGuid = {2F21CCAF-14A6-4AF6-B98F-C0AF2E48DA46}
	EndGlobalSection
EndGlobal
